
Microsoft Visual Studio Solution File, Format Version 12.00
# Visual Studio 2013
VisualStudioVersion = 12.0.30723.0
MinimumVisualStudioVersion = 10.0.40219.1
Project("{FAE04EC0-301F-11D3-BF4B-00C04F79EFBC}") = "Labo21Nov", "Labo21Nov\Labo21Nov.csproj", "{28626B9E-972F-4736-96E0-DA99A3592D4C}"
EndProject
Project("{FAE04EC0-301F-11D3-BF4B-00C04F79EFBC}") = "TestUnitaire21Nov", "TestUnitaire21Nov\TestUnitaire21Nov.csproj", "{27B111F5-08A9-46A4-AD2C-840BA6844030}"
EndProject
Project("{FAE04EC0-301F-11D3-BF4B-00C04F79EFBC}") = "WPFClient", "..\WPFClient\WPFClient.csproj", "{8A3822D2-71BB-488C-BBFA-C9C75E77F668}"
EndProject
Global
	GlobalSection(SolutionConfigurationPlatforms) = preSolution
		Debug|Any CPU = Debug|Any CPU
		Development|Any CPU = Development|Any CPU
		Release|Any CPU = Release|Any CPU
	EndGlobalSection
	GlobalSection(ProjectConfigurationPlatforms) = postSolution
		{28626B9E-972F-4736-96E0-DA99A3592D4C}.Debug|Any CPU.ActiveCfg = Debug|Any CPU
		{28626B9E-972F-4736-96E0-DA99A3592D4C}.Debug|Any CPU.Build.0 = Debug|Any CPU
		{28626B9E-972F-4736-96E0-DA99A3592D4C}.Development|Any CPU.ActiveCfg = Debug|Any CPU
		{28626B9E-972F-4736-96E0-DA99A3592D4C}.Development|Any CPU.Build.0 = Debug|Any CPU
		{28626B9E-972F-4736-96E0-DA99A3592D4C}.Release|Any CPU.ActiveCfg = Release|Any CPU
		{28626B9E-972F-4736-96E0-DA99A3592D4C}.Release|Any CPU.Build.0 = Release|Any CPU
		{27B111F5-08A9-46A4-AD2C-840BA6844030}.Debug|Any CPU.ActiveCfg = Debug|Any CPU
		{27B111F5-08A9-46A4-AD2C-840BA6844030}.Debug|Any CPU.Build.0 = Debug|Any CPU
		{27B111F5-08A9-46A4-AD2C-840BA6844030}.Development|Any CPU.ActiveCfg = Debug|Any CPU
		{27B111F5-08A9-46A4-AD2C-840BA6844030}.Development|Any CPU.Build.0 = Debug|Any CPU
		{27B111F5-08A9-46A4-AD2C-840BA6844030}.Release|Any CPU.ActiveCfg = Release|Any CPU
		{27B111F5-08A9-46A4-AD2C-840BA6844030}.Release|Any CPU.Build.0 = Release|Any CPU
		{8A3822D2-71BB-488C-BBFA-C9C75E77F668}.Debug|Any CPU.ActiveCfg = Debug|Any CPU
		{8A3822D2-71BB-488C-BBFA-C9C75E77F668}.Debug|Any CPU.Build.0 = Debug|Any CPU
		{8A3822D2-71BB-488C-BBFA-C9C75E77F668}.Development|Any CPU.ActiveCfg = Debug|Any CPU
		{8A3822D2-71BB-488C-BBFA-C9C75E77F668}.Development|Any CPU.Build.0 = Debug|Any CPU
		{8A3822D2-71BB-488C-BBFA-C9C75E77F668}.Release|Any CPU.ActiveCfg = Release|Any CPU
		{8A3822D2-71BB-488C-BBFA-C9C75E77F668}.Release|Any CPU.Build.0 = Release|Any CPU
	EndGlobalSection
	GlobalSection(SolutionProperties) = preSolution
		HideSolutionNode = FALSE
	EndGlobalSection
EndGlobal
