
Microsoft Visual Studio Solution File, Format Version 12.00
# Visual Studio 2013
VisualStudioVersion = 12.0.30723.0
MinimumVisualStudioVersion = 10.0.40219.1
Project("{FAE04EC0-301F-11D3-BF4B-00C04F79EFBC}") = "ConsoleApplicationLabo1", "ConsoleApplicationLabo1\ConsoleApplicationLabo1.csproj", "{DFD76A1F-08CA-4EAB-BB01-91C3C04980A7}"
EndProject
Project("{FAE04EC0-301F-11D3-BF4B-00C04F79EFBC}") = "ClassLibrary1", "ClassLibrary1\ClassLibrary1.csproj", "{EEB94B8C-14C5-4488-8904-64E9C5521E64}"
EndProject
Project("{FAE04EC0-301F-11D3-BF4B-00C04F79EFBC}") = "UnitTestProject1", "UnitTestProject1\UnitTestProject1.csproj", "{DF4709DF-B064-4FB7-8C4C-AACE2C088D8A}"
EndProject
Global
	GlobalSection(SolutionConfigurationPlatforms) = preSolution
		Debug|Any CPU = Debug|Any CPU
		Release|Any CPU = Release|Any CPU
	EndGlobalSection
	GlobalSection(ProjectConfigurationPlatforms) = postSolution
		{DFD76A1F-08CA-4EAB-BB01-91C3C04980A7}.Debug|Any CPU.ActiveCfg = Debug|Any CPU
		{DFD76A1F-08CA-4EAB-BB01-91C3C04980A7}.Debug|Any CPU.Build.0 = Debug|Any CPU
		{DFD76A1F-08CA-4EAB-BB01-91C3C04980A7}.Release|Any CPU.ActiveCfg = Release|Any CPU
		{DFD76A1F-08CA-4EAB-BB01-91C3C04980A7}.Release|Any CPU.Build.0 = Release|Any CPU
		{EEB94B8C-14C5-4488-8904-64E9C5521E64}.Debug|Any CPU.ActiveCfg = Debug|Any CPU
		{EEB94B8C-14C5-4488-8904-64E9C5521E64}.Debug|Any CPU.Build.0 = Debug|Any CPU
		{EEB94B8C-14C5-4488-8904-64E9C5521E64}.Release|Any CPU.ActiveCfg = Release|Any CPU
		{EEB94B8C-14C5-4488-8904-64E9C5521E64}.Release|Any CPU.Build.0 = Release|Any CPU
		{DF4709DF-B064-4FB7-8C4C-AACE2C088D8A}.Debug|Any CPU.ActiveCfg = Debug|Any CPU
		{DF4709DF-B064-4FB7-8C4C-AACE2C088D8A}.Debug|Any CPU.Build.0 = Debug|Any CPU
		{DF4709DF-B064-4FB7-8C4C-AACE2C088D8A}.Release|Any CPU.ActiveCfg = Release|Any CPU
		{DF4709DF-B064-4FB7-8C4C-AACE2C088D8A}.Release|Any CPU.Build.0 = Release|Any CPU
	EndGlobalSection
	GlobalSection(SolutionProperties) = preSolution
		HideSolutionNode = FALSE
	EndGlobalSection
EndGlobal
